
Microsoft Visual Studio Solution File, Format Version 12.00
# Visual Studio 15
VisualStudioVersion = 15.0.28307.757
MinimumVisualStudioVersion = 10.0.40219.1
Project("{FAE04EC0-301F-11D3-BF4B-00C04F79EFBC}") = "ColmadoFax", "ColmadoFax\ColmadoFax.csproj", "{88458A8F-4299-49C4-AF0C-034067EBC790}"
EndProject
Project("{2150E333-8FDC-42A3-9474-1A3956D46DE8}") = "Colmado", "Colmado", "{F05C9D34-42A2-4152-B6B0-71957D3A5DCC}"
EndProject
Global
	GlobalSection(SolutionConfigurationPlatforms) = preSolution
		Debug|Any CPU = Debug|Any CPU
		Release|Any CPU = Release|Any CPU
	EndGlobalSection
	GlobalSection(ProjectConfigurationPlatforms) = postSolution
		{88458A8F-4299-49C4-AF0C-034067EBC790}.Debug|Any CPU.ActiveCfg = Debug|Any CPU
		{88458A8F-4299-49C4-AF0C-034067EBC790}.Debug|Any CPU.Build.0 = Debug|Any CPU
		{88458A8F-4299-49C4-AF0C-034067EBC790}.Release|Any CPU.ActiveCfg = Release|Any CPU
		{88458A8F-4299-49C4-AF0C-034067EBC790}.Release|Any CPU.Build.0 = Release|Any CPU
	EndGlobalSection
	GlobalSection(SolutionProperties) = preSolution
		HideSolutionNode = FALSE
	EndGlobalSection
	GlobalSection(ExtensibilityGlobals) = postSolution
		SolutionGuid = {7F3ECAC1-E5FF-4031-8586-DDEC87000B85}
	EndGlobalSection
EndGlobal
