
Microsoft Visual Studio Solution File, Format Version 12.00
# Visual Studio Version 16
VisualStudioVersion = 16.0.29201.188
MinimumVisualStudioVersion = 10.0.40219.1
Project("{2150E333-8FDC-42A3-9474-1A3956D46DE8}") = "ColmadoFactura", "ColmadoFactura", "{0756839F-8EB7-45F0-A035-92E2733BD6D5}"
EndProject
Project("{FAE04EC0-301F-11D3-BF4B-00C04F79EFBC}") = "ColmadoFact", "ColmadoFactura\ColmadoFact.csproj", "{3E07D0CB-EF89-462C-A789-68B100EA3220}"
EndProject
Global
	GlobalSection(SolutionConfigurationPlatforms) = preSolution
		Debug|Any CPU = Debug|Any CPU
		Release|Any CPU = Release|Any CPU
	EndGlobalSection
	GlobalSection(ProjectConfigurationPlatforms) = postSolution
		{3E07D0CB-EF89-462C-A789-68B100EA3220}.Debug|Any CPU.ActiveCfg = Debug|Any CPU
		{3E07D0CB-EF89-462C-A789-68B100EA3220}.Debug|Any CPU.Build.0 = Debug|Any CPU
		{3E07D0CB-EF89-462C-A789-68B100EA3220}.Release|Any CPU.ActiveCfg = Release|Any CPU
		{3E07D0CB-EF89-462C-A789-68B100EA3220}.Release|Any CPU.Build.0 = Release|Any CPU
	EndGlobalSection
	GlobalSection(SolutionProperties) = preSolution
		HideSolutionNode = FALSE
	EndGlobalSection
	GlobalSection(NestedProjects) = preSolution
		{3E07D0CB-EF89-462C-A789-68B100EA3220} = {0756839F-8EB7-45F0-A035-92E2733BD6D5}
	EndGlobalSection
	GlobalSection(ExtensibilityGlobals) = postSolution
		SolutionGuid = {4209577B-88F3-4E5D-9B24-65AF9D1B85D1}
	EndGlobalSection
EndGlobal
